
Microsoft Visual Studio Solution File, Format Version 12.00
# Visual Studio Version 17
VisualStudioVersion = 17.9.34902.65
MinimumVisualStudioVersion = 10.0.40219.1
Project("{FAE04EC0-301F-11D3-BF4B-00C04F79EFBC}") = "fabri123", "fabri123\fabri123.csproj", "{032D77C5-BAF7-4509-A3D5-7DAF1AC0AFDE}"
EndProject
Global
	GlobalSection(SolutionConfigurationPlatforms) = preSolution
		Debug|Any CPU = Debug|Any CPU
		Release|Any CPU = Release|Any CPU
	EndGlobalSection
	GlobalSection(ProjectConfigurationPlatforms) = postSolution
		{032D77C5-BAF7-4509-A3D5-7DAF1AC0AFDE}.Debug|Any CPU.ActiveCfg = Debug|Any CPU
		{032D77C5-BAF7-4509-A3D5-7DAF1AC0AFDE}.Debug|Any CPU.Build.0 = Debug|Any CPU
		{032D77C5-BAF7-4509-A3D5-7DAF1AC0AFDE}.Release|Any CPU.ActiveCfg = Release|Any CPU
		{032D77C5-BAF7-4509-A3D5-7DAF1AC0AFDE}.Release|Any CPU.Build.0 = Release|Any CPU
	EndGlobalSection
	GlobalSection(SolutionProperties) = preSolution
		HideSolutionNode = FALSE
	EndGlobalSection
	GlobalSection(ExtensibilityGlobals) = postSolution
		SolutionGuid = {F8A0F040-A8F0-4D27-A4D8-D3876B9B4134}
	EndGlobalSection
EndGlobal
